
Microsoft Visual Studio Solution File, Format Version 12.00
# Visual Studio Version 17
VisualStudioVersion = 17.3.32825.248
MinimumVisualStudioVersion = 10.0.40219.1
Project("{FAE04EC0-301F-11D3-BF4B-00C04F79EFBC}") = "acraksg", "acraksg\acraksg.csproj", "{6879A423-AB20-49BF-95A5-989E8A96027F}"
EndProject
Global
	GlobalSection(SolutionConfigurationPlatforms) = preSolution
		Debug|Any CPU = Debug|Any CPU
		Release|Any CPU = Release|Any CPU
	EndGlobalSection
	GlobalSection(ProjectConfigurationPlatforms) = postSolution
		{6879A423-AB20-49BF-95A5-989E8A96027F}.Debug|Any CPU.ActiveCfg = Debug|Any CPU
		{6879A423-AB20-49BF-95A5-989E8A96027F}.Debug|Any CPU.Build.0 = Debug|Any CPU
		{6879A423-AB20-49BF-95A5-989E8A96027F}.Release|Any CPU.ActiveCfg = Release|Any CPU
		{6879A423-AB20-49BF-95A5-989E8A96027F}.Release|Any CPU.Build.0 = Release|Any CPU
	EndGlobalSection
	GlobalSection(SolutionProperties) = preSolution
		HideSolutionNode = FALSE
	EndGlobalSection
	GlobalSection(ExtensibilityGlobals) = postSolution
		SolutionGuid = {AD0EA99E-953B-4717-BF0E-4CABD024402F}
	EndGlobalSection
EndGlobal
